// !$*UTF8*$!
{
	archiveVersion = 1;
	classes = {
	};
	objectVersion = 46;
	objects = {

/* Begin PBXBuildFile section */
		ECD161BF1C94ABE400CDEDAC /* AppDelegate.swift in Sources */ = {isa = PBXBuildFile; fileRef = ECD161BE1C94ABE400CDEDAC /* AppDelegate.swift */; };
		ECD161C21C94ABE400CDEDAC /* TestDrivenMovieApp.xcdatamodeld in Sources */ = {isa = PBXBuildFile; fileRef = ECD161C01C94ABE400CDEDAC /* TestDrivenMovieApp.xcdatamodeld */; };
		ECD161C41C94ABE400CDEDAC /* MoviesViewController.swift in Sources */ = {isa = PBXBuildFile; fileRef = ECD161C31C94ABE400CDEDAC /* MoviesViewController.swift */; };
		ECD161C91C94ABE400CDEDAC /* Main.storyboard in Resources */ = {isa = PBXBuildFile; fileRef = ECD161C71C94ABE400CDEDAC /* Main.storyboard */; };
		ECD161CB1C94ABE400CDEDAC /* Assets.xcassets in Resources */ = {isa = PBXBuildFile; fileRef = ECD161CA1C94ABE400CDEDAC /* Assets.xcassets */; };
		ECD161CE1C94ABE400CDEDAC /* LaunchScreen.storyboard in Resources */ = {isa = PBXBuildFile; fileRef = ECD161CC1C94ABE400CDEDAC /* LaunchScreen.storyboard */; };
		ECD161D91C94ABE400CDEDAC /* MovieTests.swift in Sources */ = {isa = PBXBuildFile; fileRef = ECD161D81C94ABE400CDEDAC /* MovieTests.swift */; };
		ECD161E61C94AEF800CDEDAC /* DetailViewController.swift in Sources */ = {isa = PBXBuildFile; fileRef = ECD161E51C94AEF800CDEDAC /* DetailViewController.swift */; };
		ECD161E71C94AEF800CDEDAC /* DetailViewController.swift in Sources */ = {isa = PBXBuildFile; fileRef = ECD161E51C94AEF800CDEDAC /* DetailViewController.swift */; };
		ECD161E81C94AF0600CDEDAC /* AppDelegate.swift in Sources */ = {isa = PBXBuildFile; fileRef = ECD161BE1C94ABE400CDEDAC /* AppDelegate.swift */; };
		ECD161E91C94AF0600CDEDAC /* MoviesViewController.swift in Sources */ = {isa = PBXBuildFile; fileRef = ECD161C31C94ABE400CDEDAC /* MoviesViewController.swift */; };
		ECD161EC1C94B71900CDEDAC /* Movie+CoreDataProperties.swift in Sources */ = {isa = PBXBuildFile; fileRef = ECD161EA1C94B71900CDEDAC /* Movie+CoreDataProperties.swift */; };
		ECD161ED1C94B71900CDEDAC /* Movie+CoreDataProperties.swift in Sources */ = {isa = PBXBuildFile; fileRef = ECD161EA1C94B71900CDEDAC /* Movie+CoreDataProperties.swift */; };
		ECD161EE1C94B71900CDEDAC /* Movie.swift in Sources */ = {isa = PBXBuildFile; fileRef = ECD161EB1C94B71900CDEDAC /* Movie.swift */; };
		ECD161EF1C94B71900CDEDAC /* Movie.swift in Sources */ = {isa = PBXBuildFile; fileRef = ECD161EB1C94B71900CDEDAC /* Movie.swift */; };
		ECD161F31C94B75000CDEDAC /* Movie.json in Resources */ = {isa = PBXBuildFile; fileRef = ECD161F11C94B75000CDEDAC /* Movie.json */; };
		ECD161F51C94BB1500CDEDAC /* CoreDataManager.swift in Sources */ = {isa = PBXBuildFile; fileRef = ECD161F41C94BB1500CDEDAC /* CoreDataManager.swift */; };
		ECD161F61C94BB1500CDEDAC /* CoreDataManager.swift in Sources */ = {isa = PBXBuildFile; fileRef = ECD161F41C94BB1500CDEDAC /* CoreDataManager.swift */; };
		ECD161F71C94BC6300CDEDAC /* TestDrivenMovieApp.xcdatamodeld in Sources */ = {isa = PBXBuildFile; fileRef = ECD161C01C94ABE400CDEDAC /* TestDrivenMovieApp.xcdatamodeld */; };
		ECD161FC1C94C0C000CDEDAC /* XCTestCase+Convenience.swift in Sources */ = {isa = PBXBuildFile; fileRef = ECD161FB1C94C0C000CDEDAC /* XCTestCase+Convenience.swift */; };
		ECD161FE1C94C33D00CDEDAC /* TwoMovies.json in Resources */ = {isa = PBXBuildFile; fileRef = ECD161FD1C94C33D00CDEDAC /* TwoMovies.json */; };
		ECD162001C94C50200CDEDAC /* MoviesTableViewPresenter.swift in Sources */ = {isa = PBXBuildFile; fileRef = ECD161FF1C94C50200CDEDAC /* MoviesTableViewPresenter.swift */; };
		ECD162011C94C50200CDEDAC /* MoviesTableViewPresenter.swift in Sources */ = {isa = PBXBuildFile; fileRef = ECD161FF1C94C50200CDEDAC /* MoviesTableViewPresenter.swift */; };
		ECD162031C94C61D00CDEDAC /* MoviesTableViewPresenterTests.swift in Sources */ = {isa = PBXBuildFile; fileRef = ECD162021C94C61D00CDEDAC /* MoviesTableViewPresenterTests.swift */; };
		ECD162051C94C65C00CDEDAC /* BaseTestCase.swift in Sources */ = {isa = PBXBuildFile; fileRef = ECD162041C94C65C00CDEDAC /* BaseTestCase.swift */; };
/* End PBXBuildFile section */

/* Begin PBXContainerItemProxy section */
		ECD161D51C94ABE400CDEDAC /* PBXContainerItemProxy */ = {
			isa = PBXContainerItemProxy;
			containerPortal = ECD161B31C94ABE400CDEDAC /* Project object */;
			proxyType = 1;
			remoteGlobalIDString = ECD161BA1C94ABE400CDEDAC;
			remoteInfo = TestDrivenMovieApp;
		};
/* End PBXContainerItemProxy section */

/* Begin PBXFileReference section */
		ECD161BB1C94ABE400CDEDAC /* TestDrivenMovieApp.app */ = {isa = PBXFileReference; explicitFileType = wrapper.application; includeInIndex = 0; path = TestDrivenMovieApp.app; sourceTree = BUILT_PRODUCTS_DIR; };
		ECD161BE1C94ABE400CDEDAC /* AppDelegate.swift */ = {isa = PBXFileReference; lastKnownFileType = sourcecode.swift; path = AppDelegate.swift; sourceTree = "<group>"; };
		ECD161C11C94ABE400CDEDAC /* TestDrivenMovieApp.xcdatamodel */ = {isa = PBXFileReference; lastKnownFileType = wrapper.xcdatamodel; path = TestDrivenMovieApp.xcdatamodel; sourceTree = "<group>"; };
		ECD161C31C94ABE400CDEDAC /* MoviesViewController.swift */ = {isa = PBXFileReference; lastKnownFileType = sourcecode.swift; path = MoviesViewController.swift; sourceTree = "<group>"; };
		ECD161C81C94ABE400CDEDAC /* Base */ = {isa = PBXFileReference; lastKnownFileType = file.storyboard; name = Base; path = Base.lproj/Main.storyboard; sourceTree = "<group>"; };
		ECD161CA1C94ABE400CDEDAC /* Assets.xcassets */ = {isa = PBXFileReference; lastKnownFileType = folder.assetcatalog; path = Assets.xcassets; sourceTree = "<group>"; };
		ECD161CD1C94ABE400CDEDAC /* Base */ = {isa = PBXFileReference; lastKnownFileType = file.storyboard; name = Base; path = Base.lproj/LaunchScreen.storyboard; sourceTree = "<group>"; };
		ECD161CF1C94ABE400CDEDAC /* Info.plist */ = {isa = PBXFileReference; lastKnownFileType = text.plist.xml; path = Info.plist; sourceTree = "<group>"; };
		ECD161D41C94ABE400CDEDAC /* TestDrivenMovieAppTests.xctest */ = {isa = PBXFileReference; explicitFileType = wrapper.cfbundle; includeInIndex = 0; path = TestDrivenMovieAppTests.xctest; sourceTree = BUILT_PRODUCTS_DIR; };
		ECD161D81C94ABE400CDEDAC /* MovieTests.swift */ = {isa = PBXFileReference; lastKnownFileType = sourcecode.swift; path = MovieTests.swift; sourceTree = "<group>"; };
		ECD161DA1C94ABE400CDEDAC /* Info.plist */ = {isa = PBXFileReference; lastKnownFileType = text.plist.xml; path = Info.plist; sourceTree = "<group>"; };
		ECD161E51C94AEF800CDEDAC /* DetailViewController.swift */ = {isa = PBXFileReference; fileEncoding = 4; lastKnownFileType = sourcecode.swift; path = DetailViewController.swift; sourceTree = "<group>"; };
		ECD161EA1C94B71900CDEDAC /* Movie+CoreDataProperties.swift */ = {isa = PBXFileReference; fileEncoding = 4; lastKnownFileType = sourcecode.swift; path = "Movie+CoreDataProperties.swift"; sourceTree = "<group>"; };
		ECD161EB1C94B71900CDEDAC /* Movie.swift */ = {isa = PBXFileReference; fileEncoding = 4; lastKnownFileType = sourcecode.swift; path = Movie.swift; sourceTree = "<group>"; };
		ECD161F11C94B75000CDEDAC /* Movie.json */ = {isa = PBXFileReference; fileEncoding = 4; lastKnownFileType = text.json; path = Movie.json; sourceTree = "<group>"; };
		ECD161F41C94BB1500CDEDAC /* CoreDataManager.swift */ = {isa = PBXFileReference; fileEncoding = 4; lastKnownFileType = sourcecode.swift; path = CoreDataManager.swift; sourceTree = "<group>"; };
		ECD161FB1C94C0C000CDEDAC /* XCTestCase+Convenience.swift */ = {isa = PBXFileReference; fileEncoding = 4; lastKnownFileType = sourcecode.swift; path = "XCTestCase+Convenience.swift"; sourceTree = "<group>"; };
		ECD161FD1C94C33D00CDEDAC /* TwoMovies.json */ = {isa = PBXFileReference; fileEncoding = 4; lastKnownFileType = text.json; path = TwoMovies.json; sourceTree = "<group>"; };
		ECD161FF1C94C50200CDEDAC /* MoviesTableViewPresenter.swift */ = {isa = PBXFileReference; fileEncoding = 4; lastKnownFileType = sourcecode.swift; path = MoviesTableViewPresenter.swift; sourceTree = "<group>"; };
		ECD162021C94C61D00CDEDAC /* MoviesTableViewPresenterTests.swift */ = {isa = PBXFileReference; fileEncoding = 4; lastKnownFileType = sourcecode.swift; path = MoviesTableViewPresenterTests.swift; sourceTree = "<group>"; };
		ECD162041C94C65C00CDEDAC /* BaseTestCase.swift */ = {isa = PBXFileReference; fileEncoding = 4; lastKnownFileType = sourcecode.swift; path = BaseTestCase.swift; sourceTree = "<group>"; };
/* End PBXFileReference section */

/* Begin PBXFrameworksBuildPhase section */
		ECD161B81C94ABE400CDEDAC /* Frameworks */ = {
			isa = PBXFrameworksBuildPhase;
			buildActionMask = 2147483647;
			files = (
			);
			runOnlyForDeploymentPostprocessing = 0;
		};
		ECD161D11C94ABE400CDEDAC /* Frameworks */ = {
			isa = PBXFrameworksBuildPhase;
			buildActionMask = 2147483647;
			files = (
			);
			runOnlyForDeploymentPostprocessing = 0;
		};
/* End PBXFrameworksBuildPhase section */

/* Begin PBXGroup section */
		ECD161B21C94ABE400CDEDAC = {
			isa = PBXGroup;
			children = (
				ECD161BD1C94ABE400CDEDAC /* TestDrivenMovieApp */,
				ECD161D71C94ABE400CDEDAC /* TestDrivenMovieAppTests */,
				ECD161BC1C94ABE400CDEDAC /* Products */,
			);
			sourceTree = "<group>";
		};
		ECD161BC1C94ABE400CDEDAC /* Products */ = {
			isa = PBXGroup;
			children = (
				ECD161BB1C94ABE400CDEDAC /* TestDrivenMovieApp.app */,
				ECD161D41C94ABE400CDEDAC /* TestDrivenMovieAppTests.xctest */,
			);
			name = Products;
			sourceTree = "<group>";
		};
		ECD161BD1C94ABE400CDEDAC /* TestDrivenMovieApp */ = {
			isa = PBXGroup;
			children = (
				ECD161F01C94B72000CDEDAC /* Models */,
				ECD161BE1C94ABE400CDEDAC /* AppDelegate.swift */,
				ECD161F41C94BB1500CDEDAC /* CoreDataManager.swift */,
				ECD161C31C94ABE400CDEDAC /* MoviesViewController.swift */,
				ECD161FF1C94C50200CDEDAC /* MoviesTableViewPresenter.swift */,
				ECD161E51C94AEF800CDEDAC /* DetailViewController.swift */,
				ECD161C71C94ABE400CDEDAC /* Main.storyboard */,
				ECD161CA1C94ABE400CDEDAC /* Assets.xcassets */,
				ECD161CC1C94ABE400CDEDAC /* LaunchScreen.storyboard */,
				ECD161CF1C94ABE400CDEDAC /* Info.plist */,
				ECD161C01C94ABE400CDEDAC /* TestDrivenMovieApp.xcdatamodeld */,
			);
			path = TestDrivenMovieApp;
			sourceTree = "<group>";
		};
		ECD161D71C94ABE400CDEDAC /* TestDrivenMovieAppTests */ = {
			isa = PBXGroup;
			children = (
				ECD161F11C94B75000CDEDAC /* Movie.json */,
				ECD161FD1C94C33D00CDEDAC /* TwoMovies.json */,
				ECD161D81C94ABE400CDEDAC /* MovieTests.swift */,
				ECD162021C94C61D00CDEDAC /* MoviesTableViewPresenterTests.swift */,
				ECD161FB1C94C0C000CDEDAC /* XCTestCase+Convenience.swift */,
				ECD162041C94C65C00CDEDAC /* BaseTestCase.swift */,
				ECD161DA1C94ABE400CDEDAC /* Info.plist */,
			);
			path = TestDrivenMovieAppTests;
			sourceTree = "<group>";
		};
		ECD161F01C94B72000CDEDAC /* Models */ = {
			isa = PBXGroup;
			children = (
				ECD161EB1C94B71900CDEDAC /* Movie.swift */,
				ECD161EA1C94B71900CDEDAC /* Movie+CoreDataProperties.swift */,
			);
			name = Models;
			sourceTree = "<group>";
		};
/* End PBXGroup section */

/* Begin PBXNativeTarget section */
		ECD161BA1C94ABE400CDEDAC /* TestDrivenMovieApp */ = {
			isa = PBXNativeTarget;
			buildConfigurationList = ECD161DD1C94ABE400CDEDAC /* Build configuration list for PBXNativeTarget "TestDrivenMovieApp" */;
			buildPhases = (
				ECD161B71C94ABE400CDEDAC /* Sources */,
				ECD161B81C94ABE400CDEDAC /* Frameworks */,
				ECD161B91C94ABE400CDEDAC /* Resources */,
			);
			buildRules = (
			);
			dependencies = (
			);
			name = TestDrivenMovieApp;
			productName = TestDrivenMovieApp;
			productReference = ECD161BB1C94ABE400CDEDAC /* TestDrivenMovieApp.app */;
			productType = "com.apple.product-type.application";
		};
		ECD161D31C94ABE400CDEDAC /* TestDrivenMovieAppTests */ = {
			isa = PBXNativeTarget;
			buildConfigurationList = ECD161E01C94ABE400CDEDAC /* Build configuration list for PBXNativeTarget "TestDrivenMovieAppTests" */;
			buildPhases = (
				ECD161D01C94ABE400CDEDAC /* Sources */,
				ECD161D11C94ABE400CDEDAC /* Frameworks */,
				ECD161D21C94ABE400CDEDAC /* Resources */,
			);
			buildRules = (
			);
			dependencies = (
				ECD161D61C94ABE400CDEDAC /* PBXTargetDependency */,
			);
			name = TestDrivenMovieAppTests;
			productName = TestDrivenMovieAppTests;
			productReference = ECD161D41C94ABE400CDEDAC /* TestDrivenMovieAppTests.xctest */;
			productType = "com.apple.product-type.bundle.unit-test";
		};
/* End PBXNativeTarget section */

/* Begin PBXProject section */
		ECD161B31C94ABE400CDEDAC /* Project object */ = {
			isa = PBXProject;
			attributes = {
				LastSwiftUpdateCheck = 0720;
				LastUpgradeCheck = 0720;
				ORGANIZATIONNAME = hakonbogen;
				TargetAttributes = {
					ECD161BA1C94ABE400CDEDAC = {
						CreatedOnToolsVersion = 7.2.1;
					};
					ECD161D31C94ABE400CDEDAC = {
						CreatedOnToolsVersion = 7.2.1;
					};
				};
			};
			buildConfigurationList = ECD161B61C94ABE400CDEDAC /* Build configuration list for PBXProject "TestDrivenMovieApp" */;
			compatibilityVersion = "Xcode 3.2";
			developmentRegion = English;
			hasScannedForEncodings = 0;
			knownRegions = (
				en,
				Base,
			);
			mainGroup = ECD161B21C94ABE400CDEDAC;
			productRefGroup = ECD161BC1C94ABE400CDEDAC /* Products */;
			projectDirPath = "";
			projectRoot = "";
			targets = (
				ECD161BA1C94ABE400CDEDAC /* TestDrivenMovieApp */,
				ECD161D31C94ABE400CDEDAC /* TestDrivenMovieAppTests */,
			);
		};
/* End PBXProject section */

/* Begin PBXResourcesBuildPhase section */
		ECD161B91C94ABE400CDEDAC /* Resources */ = {
			isa = PBXResourcesBuildPhase;
			buildActionMask = 2147483647;
			files = (
				ECD161CE1C94ABE400CDEDAC /* LaunchScreen.storyboard in Resources */,
				ECD161CB1C94ABE400CDEDAC /* Assets.xcassets in Resources */,
				ECD161C91C94ABE400CDEDAC /* Main.storyboard in Resources */,
			);
			runOnlyForDeploymentPostprocessing = 0;
		};
		ECD161D21C94ABE400CDEDAC /* Resources */ = {
			isa = PBXResourcesBuildPhase;
			buildActionMask = 2147483647;
			files = (
				ECD161F31C94B75000CDEDAC /* Movie.json in Resources */,
				ECD161FE1C94C33D00CDEDAC /* TwoMovies.json in Resources */,
			);
			runOnlyForDeploymentPostprocessing = 0;
		};
/* End PBXResourcesBuildPhase section */

/* Begin PBXSourcesBuildPhase section */
		ECD161B71C94ABE400CDEDAC /* Sources */ = {
			isa = PBXSourcesBuildPhase;
			buildActionMask = 2147483647;
			files = (
				ECD161C21C94ABE400CDEDAC /* TestDrivenMovieApp.xcdatamodeld in Sources */,
				ECD161EC1C94B71900CDEDAC /* Movie+CoreDataProperties.swift in Sources */,
				ECD161EE1C94B71900CDEDAC /* Movie.swift in Sources */,
				ECD161BF1C94ABE400CDEDAC /* AppDelegate.swift in Sources */,
				ECD161C41C94ABE400CDEDAC /* MoviesViewController.swift in Sources */,
				ECD161F51C94BB1500CDEDAC /* CoreDataManager.swift in Sources */,
				ECD161E61C94AEF800CDEDAC /* DetailViewController.swift in Sources */,
				ECD162001C94C50200CDEDAC /* MoviesTableViewPresenter.swift in Sources */,
			);
			runOnlyForDeploymentPostprocessing = 0;
		};
		ECD161D01C94ABE400CDEDAC /* Sources */ = {
			isa = PBXSourcesBuildPhase;
			buildActionMask = 2147483647;
			files = (
				ECD161F71C94BC6300CDEDAC /* TestDrivenMovieApp.xcdatamodeld in Sources */,
				ECD161E91C94AF0600CDEDAC /* MoviesViewController.swift in Sources */,
				ECD161ED1C94B71900CDEDAC /* Movie+CoreDataProperties.swift in Sources */,
				ECD161EF1C94B71900CDEDAC /* Movie.swift in Sources */,
				ECD162051C94C65C00CDEDAC /* BaseTestCase.swift in Sources */,
				ECD161E81C94AF0600CDEDAC /* AppDelegate.swift in Sources */,
				ECD161D91C94ABE400CDEDAC /* MovieTests.swift in Sources */,
				ECD161F61C94BB1500CDEDAC /* CoreDataManager.swift in Sources */,
				ECD161FC1C94C0C000CDEDAC /* XCTestCase+Convenience.swift in Sources */,
				ECD161E71C94AEF800CDEDAC /* DetailViewController.swift in Sources */,
				ECD162031C94C61D00CDEDAC /* MoviesTableViewPresenterTests.swift in Sources */,
				ECD162011C94C50200CDEDAC /* MoviesTableViewPresenter.swift in Sources */,
			);
			runOnlyForDeploymentPostprocessing = 0;
		};
/* End PBXSourcesBuildPhase section */

/* Begin PBXTargetDependency section */
		ECD161D61C94ABE400CDEDAC /* PBXTargetDependency */ = {
			isa = PBXTargetDependency;
			target = ECD161BA1C94ABE400CDEDAC /* TestDrivenMovieApp */;
			targetProxy = ECD161D51C94ABE400CDEDAC /* PBXContainerItemProxy */;
		};
/* End PBXTargetDependency section */

/* Begin PBXVariantGroup section */
		ECD161C71C94ABE400CDEDAC /* Main.storyboard */ = {
			isa = PBXVariantGroup;
			children = (
				ECD161C81C94ABE400CDEDAC /* Base */,
			);
			name = Main.storyboard;
			sourceTree = "<group>";
		};
		ECD161CC1C94ABE400CDEDAC /* LaunchScreen.storyboard */ = {
			isa = PBXVariantGroup;
			children = (
				ECD161CD1C94ABE400CDEDAC /* Base */,
			);
			name = LaunchScreen.storyboard;
			sourceTree = "<group>";
		};
/* End PBXVariantGroup section */

/* Begin XCBuildConfiguration section */
		ECD161DB1C94ABE400CDEDAC /* Debug */ = {
			isa = XCBuildConfiguration;
			buildSettings = {
				ALWAYS_SEARCH_USER_PATHS = NO;
				CLANG_CXX_LANGUAGE_STANDARD = "gnu++0x";
				CLANG_CXX_LIBRARY = "libc++";
				CLANG_ENABLE_MODULES = YES;
				CLANG_ENABLE_OBJC_ARC = YES;
				CLANG_WARN_BOOL_CONVERSION = YES;
				CLANG_WARN_CONSTANT_CONVERSION = YES;
				CLANG_WARN_DIRECT_OBJC_ISA_USAGE = YES_ERROR;
				CLANG_WARN_EMPTY_BODY = YES;
				CLANG_WARN_ENUM_CONVERSION = YES;
				CLANG_WARN_INT_CONVERSION = YES;
				CLANG_WARN_OBJC_ROOT_CLASS = YES_ERROR;
				CLANG_WARN_UNREACHABLE_CODE = YES;
				CLANG_WARN__DUPLICATE_METHOD_MATCH = YES;
				"CODE_SIGN_IDENTITY[sdk=iphoneos*]" = "iPhone Developer";
				COPY_PHASE_STRIP = NO;
				DEBUG_INFORMATION_FORMAT = dwarf;
				ENABLE_STRICT_OBJC_MSGSEND = YES;
				ENABLE_TESTABILITY = YES;
				GCC_C_LANGUAGE_STANDARD = gnu99;
				GCC_DYNAMIC_NO_PIC = NO;
				GCC_NO_COMMON_BLOCKS = YES;
				GCC_OPTIMIZATION_LEVEL = 0;
				GCC_PREPROCESSOR_DEFINITIONS = (
					"DEBUG=1",
					"$(inherited)",
				);
				GCC_WARN_64_TO_32_BIT_CONVERSION = YES;
				GCC_WARN_ABOUT_RETURN_TYPE = YES_ERROR;
				GCC_WARN_UNDECLARED_SELECTOR = YES;
				GCC_WARN_UNINITIALIZED_AUTOS = YES_AGGRESSIVE;
				GCC_WARN_UNUSED_FUNCTION = YES;
				GCC_WARN_UNUSED_VARIABLE = YES;
				IPHONEOS_DEPLOYMENT_TARGET = 9.2;
				MTL_ENABLE_DEBUG_INFO = YES;
				ONLY_ACTIVE_ARCH = YES;
				SDKROOT = iphoneos;
				SWIFT_OPTIMIZATION_LEVEL = "-Onone";
			};
			name = Debug;
		};
		ECD161DC1C94ABE400CDEDAC /* Release */ = {
			isa = XCBuildConfiguration;
			buildSettings = {
				ALWAYS_SEARCH_USER_PATHS = NO;
				CLANG_CXX_LANGUAGE_STANDARD = "gnu++0x";
				CLANG_CXX_LIBRARY = "libc++";
				CLANG_ENABLE_MODULES = YES;
				CLANG_ENABLE_OBJC_ARC = YES;
				CLANG_WARN_BOOL_CONVERSION = YES;
				CLANG_WARN_CONSTANT_CONVERSION = YES;
				CLANG_WARN_DIRECT_OBJC_ISA_USAGE = YES_ERROR;
				CLANG_WARN_EMPTY_BODY = YES;
				CLANG_WARN_ENUM_CONVERSION = YES;
				CLANG_WARN_INT_CONVERSION = YES;
				CLANG_WARN_OBJC_ROOT_CLASS = YES_ERROR;
				CLANG_WARN_UNREACHABLE_CODE = YES;
				CLANG_WARN__DUPLICATE_METHOD_MATCH = YES;
				"CODE_SIGN_IDENTITY[sdk=iphoneos*]" = "iPhone Developer";
				COPY_PHASE_STRIP = NO;
				DEBUG_INFORMATION_FORMAT = "dwarf-with-dsym";
				ENABLE_NS_ASSERTIONS = NO;
				ENABLE_STRICT_OBJC_MSGSEND = YES;
				GCC_C_LANGUAGE_STANDARD = gnu99;
				GCC_NO_COMMON_BLOCKS = YES;
				GCC_WARN_64_TO_32_BIT_CONVERSION = YES;
				GCC_WARN_ABOUT_RETURN_TYPE = YES_ERROR;
				GCC_WARN_UNDECLARED_SELECTOR = YES;
				GCC_WARN_UNINITIALIZED_AUTOS = YES_AGGRESSIVE;
				GCC_WARN_UNUSED_FUNCTION = YES;
				GCC_WARN_UNUSED_VARIABLE = YES;
				IPHONEOS_DEPLOYMENT_TARGET = 9.2;
				MTL_ENABLE_DEBUG_INFO = NO;
				SDKROOT = iphoneos;
				VALIDATE_PRODUCT = YES;
			};
			name = Release;
		};
		ECD161DE1C94ABE400CDEDAC /* Debug */ = {
			isa = XCBuildConfiguration;
			buildSettings = {
				ASSETCATALOG_COMPILER_APPICON_NAME = AppIcon;
				INFOPLIST_FILE = TestDrivenMovieApp/Info.plist;
				LD_RUNPATH_SEARCH_PATHS = "$(inherited) @executable_path/Frameworks";
				PRODUCT_BUNDLE_IDENTIFIER = hakonbogen.TestDrivenMovieApp;
				PRODUCT_NAME = "$(TARGET_NAME)";
			};
			name = Debug;
		};
		ECD161DF1C94ABE400CDEDAC /* Release */ = {
			isa = XCBuildConfiguration;
			buildSettings = {
				ASSETCATALOG_COMPILER_APPICON_NAME = AppIcon;
				INFOPLIST_FILE = TestDrivenMovieApp/Info.plist;
				LD_RUNPATH_SEARCH_PATHS = "$(inherited) @executable_path/Frameworks";
				PRODUCT_BUNDLE_IDENTIFIER = hakonbogen.TestDrivenMovieApp;
				PRODUCT_NAME = "$(TARGET_NAME)";
			};
			name = Release;
		};
		ECD161E11C94ABE400CDEDAC /* Debug */ = {
			isa = XCBuildConfiguration;
			buildSettings = {
				INFOPLIST_FILE = TestDrivenMovieAppTests/Info.plist;
				LD_RUNPATH_SEARCH_PATHS = "$(inherited) @executable_path/Frameworks @loader_path/Frameworks";
				PRODUCT_BUNDLE_IDENTIFIER = hakonbogen.TestDrivenMovieAppTests;
				PRODUCT_NAME = "$(TARGET_NAME)";
			};
			name = Debug;
		};
		ECD161E21C94ABE400CDEDAC /* Release */ = {
			isa = XCBuildConfiguration;
			buildSettings = {
				INFOPLIST_FILE = TestDrivenMovieAppTests/Info.plist;
				LD_RUNPATH_SEARCH_PATHS = "$(inherited) @executable_path/Frameworks @loader_path/Frameworks";
				PRODUCT_BUNDLE_IDENTIFIER = hakonbogen.TestDrivenMovieAppTests;
				PRODUCT_NAME = "$(TARGET_NAME)";
			};
			name = Release;
		};
/* End XCBuildConfiguration section */

/* Begin XCConfigurationList section */
		ECD161B61C94ABE400CDEDAC /* Build configuration list for PBXProject "TestDrivenMovieApp" */ = {
			isa = XCConfigurationList;
			buildConfigurations = (
				ECD161DB1C94ABE400CDEDAC /* Debug */,
				ECD161DC1C94ABE400CDEDAC /* Release */,
			);
			defaultConfigurationIsVisible = 0;
			defaultConfigurationName = Release;
		};
		ECD161DD1C94ABE400CDEDAC /* Build configuration list for PBXNativeTarget "TestDrivenMovieApp" */ = {
			isa = XCConfigurationList;
			buildConfigurations = (
				ECD161DE1C94ABE400CDEDAC /* Debug */,
				ECD161DF1C94ABE400CDEDAC /* Release */,
			);
			defaultConfigurationIsVisible = 0;
		};
		ECD161E01C94ABE400CDEDAC /* Build configuration list for PBXNativeTarget "TestDrivenMovieAppTests" */ = {
			isa = XCConfigurationList;
			buildConfigurations = (
				ECD161E11C94ABE400CDEDAC /* Debug */,
				ECD161E21C94ABE400CDEDAC /* Release */,
			);
			defaultConfigurationIsVisible = 0;
		};
/* End XCConfigurationList section */

/* Begin XCVersionGroup section */
		ECD161C01C94ABE400CDEDAC /* TestDrivenMovieApp.xcdatamodeld */ = {
			isa = XCVersionGroup;
			children = (
				ECD161C11C94ABE400CDEDAC /* TestDrivenMovieApp.xcdatamodel */,
			);
			currentVersion = ECD161C11C94ABE400CDEDAC /* TestDrivenMovieApp.xcdatamodel */;
			path = TestDrivenMovieApp.xcdatamodeld;
			sourceTree = "<group>";
			versionGroupType = wrapper.xcdatamodel;
		};
/* End XCVersionGroup section */
	};
	rootObject = ECD161B31C94ABE400CDEDAC /* Project object */;
}
